PODS:
  - ActorKit (1.3.1):
    - ActorKit/Core (= 1.3.1)
  - ActorKit/Core (1.3.1)
  - ActorKit/Promises (1.3.1):
    - ActorKit/Core
    - PromiseKit/CorePromise (~> 4.0)
  - ActorKit/Supervision (1.3.1):
    - ActorKit/Core
  - Expecta (1.0.6)
  - PromiseKit/CorePromise (4.2.2)
  - Specta (1.0.6)

DEPENDENCIES:
  - ActorKit (from `../`)
  - ActorKit/Promises (from `../`)
  - ActorKit/Supervision (from `../`)
  - Expecta
  - Specta

EXTERNAL SOURCES:
  ActorKit:
    :path: "../"

SPEC CHECKSUMS:
  ActorKit: 32ec2a693056d909493705e5c97c8c9827ff5607
  Expecta: 3b6bd90a64b9a1dcb0b70aa0e10a7f8f631667d5
  PromiseKit: 00e8886881f151c7e573d06b437915b0bb2970ec
  Specta: f506f3a8361de16bc0dcf3b17b75e269072ba465

PODFILE CHECKSUM: d1b12483f8f3755c58ab1e4d913eae840575e96f

COCOAPODS: 1.2.1
