PODS:
  - ActorKit (0.7.2):
    - ActorKit/Core (= 0.7.2)
  - ActorKit/Core (0.7.2)
  - ActorKit/Futures (0.7.2):
    - ActorKit/Core
  - ActorKit/Promises (0.7.2):
    - ActorKit/Core
    - PromiseKit/Promise
  - Expecta (1.0.2)
  - PromiseKit/Promise (1.6.0)
  - Specta (1.0.3)

DEPENDENCIES:
  - ActorKit (from `../`)
  - ActorKit/Futures (from `../`)
  - ActorKit/Promises (from `../`)
  - Expecta
  - Specta

EXTERNAL SOURCES:
  ActorKit:
    :path: ../

SPEC CHECKSUMS:
  ActorKit: ba78b83091f0c264193077a11f075f92fdbfa96c
  Expecta: 54e8a3530add08f4f0208c111355eda7cde74a53
  PromiseKit: 6be651503d4af22830b5313be993c5a0ef77bf77
  Specta: cf3e4188cf35375c3ee2cd03f8db8f1f4ef98234

COCOAPODS: 0.38.2
